
Microsoft Visual Studio Solution File, Format Version 12.00
# Visual Studio 14
VisualStudioVersion = 14.0.25420.1
MinimumVisualStudioVersion = 10.0.40219.1
Project("{FAE04EC0-301F-11D3-BF4B-00C04F79EFBC}") = "TechnikiOptymalizacjiAG", "TechnikiOptymalizacjiAG\TechnikiOptymalizacjiAG.csproj", "{6AF804A1-3F44-4CA6-AE1E-286A2BA9B2EF}"
EndProject
Project("{FAE04EC0-301F-11D3-BF4B-00C04F79EFBC}") = "GeneticSharp.Domain", "GeneticSharp.Domain\GeneticSharp.Domain.csproj", "{C76DC1AD-FC7E-4168-BD19-101FF84A43F7}"
EndProject
Project("{FAE04EC0-301F-11D3-BF4B-00C04F79EFBC}") = "GeneticSharp.Extensions", "GeneticSharp.Extensions\GeneticSharp.Extensions.csproj", "{699AF592-1E11-4084-B87E-9AC72ED7861B}"
EndProject
Project("{FAE04EC0-301F-11D3-BF4B-00C04F79EFBC}") = "GeneticSharp.Infrastructure.Framework", "GeneticSharp.Infrastructure.Framework\GeneticSharp.Infrastructure.Framework.csproj", "{1498D792-D02B-4A9E-8AFC-24AEBA0DEE54}"
EndProject
Project("{FAE04EC0-301F-11D3-BF4B-00C04F79EFBC}") = "GeneticSharp.Infrastructure.Threading", "GeneticSharp.Infrastructure.Threading\GeneticSharp.Infrastructure.Threading.csproj", "{F7887A7C-89E6-483A-A762-0A8FE6FCD923}"
EndProject
Project("{FAE04EC0-301F-11D3-BF4B-00C04F79EFBC}") = "PSOTests", "PSOTests\PSOTests.csproj", "{D5C14DF3-26D9-48E6-ACE5-C60250466B37}"
EndProject
Global
	GlobalSection(SolutionConfigurationPlatforms) = preSolution
		Debug|Any CPU = Debug|Any CPU
		Debug|x86 = Debug|x86
		Release|Any CPU = Release|Any CPU
		Release|x86 = Release|x86
	EndGlobalSection
	GlobalSection(ProjectConfigurationPlatforms) = postSolution
		{6AF804A1-3F44-4CA6-AE1E-286A2BA9B2EF}.Debug|Any CPU.ActiveCfg = Debug|Any CPU
		{6AF804A1-3F44-4CA6-AE1E-286A2BA9B2EF}.Debug|Any CPU.Build.0 = Debug|Any CPU
		{6AF804A1-3F44-4CA6-AE1E-286A2BA9B2EF}.Debug|x86.ActiveCfg = Debug|x86
		{6AF804A1-3F44-4CA6-AE1E-286A2BA9B2EF}.Debug|x86.Build.0 = Debug|x86
		{6AF804A1-3F44-4CA6-AE1E-286A2BA9B2EF}.Release|Any CPU.ActiveCfg = Release|Any CPU
		{6AF804A1-3F44-4CA6-AE1E-286A2BA9B2EF}.Release|Any CPU.Build.0 = Release|Any CPU
		{6AF804A1-3F44-4CA6-AE1E-286A2BA9B2EF}.Release|x86.ActiveCfg = Release|x86
		{6AF804A1-3F44-4CA6-AE1E-286A2BA9B2EF}.Release|x86.Build.0 = Release|x86
		{C76DC1AD-FC7E-4168-BD19-101FF84A43F7}.Debug|Any CPU.ActiveCfg = Debug|Any CPU
		{C76DC1AD-FC7E-4168-BD19-101FF84A43F7}.Debug|Any CPU.Build.0 = Debug|Any CPU
		{C76DC1AD-FC7E-4168-BD19-101FF84A43F7}.Debug|x86.ActiveCfg = Debug|x86
		{C76DC1AD-FC7E-4168-BD19-101FF84A43F7}.Debug|x86.Build.0 = Debug|x86
		{C76DC1AD-FC7E-4168-BD19-101FF84A43F7}.Release|Any CPU.ActiveCfg = Release|Any CPU
		{C76DC1AD-FC7E-4168-BD19-101FF84A43F7}.Release|Any CPU.Build.0 = Release|Any CPU
		{C76DC1AD-FC7E-4168-BD19-101FF84A43F7}.Release|x86.ActiveCfg = Release|x86
		{C76DC1AD-FC7E-4168-BD19-101FF84A43F7}.Release|x86.Build.0 = Release|x86
		{699AF592-1E11-4084-B87E-9AC72ED7861B}.Debug|Any CPU.ActiveCfg = Debug|Any CPU
		{699AF592-1E11-4084-B87E-9AC72ED7861B}.Debug|Any CPU.Build.0 = Debug|Any CPU
		{699AF592-1E11-4084-B87E-9AC72ED7861B}.Debug|x86.ActiveCfg = Debug|Any CPU
		{699AF592-1E11-4084-B87E-9AC72ED7861B}.Debug|x86.Build.0 = Debug|Any CPU
		{699AF592-1E11-4084-B87E-9AC72ED7861B}.Release|Any CPU.ActiveCfg = Release|Any CPU
		{699AF592-1E11-4084-B87E-9AC72ED7861B}.Release|Any CPU.Build.0 = Release|Any CPU
		{699AF592-1E11-4084-B87E-9AC72ED7861B}.Release|x86.ActiveCfg = Release|Any CPU
		{699AF592-1E11-4084-B87E-9AC72ED7861B}.Release|x86.Build.0 = Release|Any CPU
		{1498D792-D02B-4A9E-8AFC-24AEBA0DEE54}.Debug|Any CPU.ActiveCfg = Debug|Any CPU
		{1498D792-D02B-4A9E-8AFC-24AEBA0DEE54}.Debug|Any CPU.Build.0 = Debug|Any CPU
		{1498D792-D02B-4A9E-8AFC-24AEBA0DEE54}.Debug|x86.ActiveCfg = Debug|Any CPU
		{1498D792-D02B-4A9E-8AFC-24AEBA0DEE54}.Debug|x86.Build.0 = Debug|Any CPU
		{1498D792-D02B-4A9E-8AFC-24AEBA0DEE54}.Release|Any CPU.ActiveCfg = Release|Any CPU
		{1498D792-D02B-4A9E-8AFC-24AEBA0DEE54}.Release|Any CPU.Build.0 = Release|Any CPU
		{1498D792-D02B-4A9E-8AFC-24AEBA0DEE54}.Release|x86.ActiveCfg = Release|Any CPU
		{1498D792-D02B-4A9E-8AFC-24AEBA0DEE54}.Release|x86.Build.0 = Release|Any CPU
		{F7887A7C-89E6-483A-A762-0A8FE6FCD923}.Debug|Any CPU.ActiveCfg = Debug|Any CPU
		{F7887A7C-89E6-483A-A762-0A8FE6FCD923}.Debug|Any CPU.Build.0 = Debug|Any CPU
		{F7887A7C-89E6-483A-A762-0A8FE6FCD923}.Debug|x86.ActiveCfg = Debug|Any CPU
		{F7887A7C-89E6-483A-A762-0A8FE6FCD923}.Debug|x86.Build.0 = Debug|Any CPU
		{F7887A7C-89E6-483A-A762-0A8FE6FCD923}.Release|Any CPU.ActiveCfg = Release|Any CPU
		{F7887A7C-89E6-483A-A762-0A8FE6FCD923}.Release|Any CPU.Build.0 = Release|Any CPU
		{F7887A7C-89E6-483A-A762-0A8FE6FCD923}.Release|x86.ActiveCfg = Release|Any CPU
		{F7887A7C-89E6-483A-A762-0A8FE6FCD923}.Release|x86.Build.0 = Release|Any CPU
		{D5C14DF3-26D9-48E6-ACE5-C60250466B37}.Debug|Any CPU.ActiveCfg = Debug|Any CPU
		{D5C14DF3-26D9-48E6-ACE5-C60250466B37}.Debug|Any CPU.Build.0 = Debug|Any CPU
		{D5C14DF3-26D9-48E6-ACE5-C60250466B37}.Debug|x86.ActiveCfg = Debug|Any CPU
		{D5C14DF3-26D9-48E6-ACE5-C60250466B37}.Debug|x86.Build.0 = Debug|Any CPU
		{D5C14DF3-26D9-48E6-ACE5-C60250466B37}.Release|Any CPU.ActiveCfg = Release|Any CPU
		{D5C14DF3-26D9-48E6-ACE5-C60250466B37}.Release|Any CPU.Build.0 = Release|Any CPU
		{D5C14DF3-26D9-48E6-ACE5-C60250466B37}.Release|x86.ActiveCfg = Release|Any CPU
		{D5C14DF3-26D9-48E6-ACE5-C60250466B37}.Release|x86.Build.0 = Release|Any CPU
	EndGlobalSection
	GlobalSection(SolutionProperties) = preSolution
		HideSolutionNode = FALSE
	EndGlobalSection
EndGlobal
